{
  "version": 4,
  "terraform_version": "1.11.4",
  "serial": 38,
  "lineage": "e95cb44b-e89b-100c-34f7-be5b7604aa94",
  "outputs": {
    "azurerm_linux_virtual_machine": {
      "value": "vm01",
      "type": "string"
    },
    "azurerm_public_ip": {
      "value": "135.235.154.230",
      "type": "string"
    },
    "azurerm_resource_group": {
      "value": "test-rg",
      "type": "string"
    },
    "azurerm_subnet": {
      "value": [
        "10.0.0.0/24"
      ],
      "type": [
        "list",
        "string"
      ]
    },
    "azurerm_virtual_network": {
      "value": [
        "10.0.0.0/16"
      ],
      "type": [
        "set",
        "string"
      ]
    },
    "nsg_name": {
      "value": "vm-nsg",
      "type": "string"
    }
  },
  "resources": [
    {
      "module": "module.VM",
      "mode": "managed",
      "type": "azurerm_linux_virtual_machine",
      "name": "example",
      "provider": "provider[\"registry.terraform.io/hashicorp/azurerm\"]",
      "instances": [
        {
          "schema_version": 0,
          "attributes": {
            "additional_capabilities": [],
            "admin_password": null,
            "admin_ssh_key": [
              {
                "public_key": "ssh-rsa AAAAB3NzaC1yc2EAAAADAQABAAACAQC3+R4AlJdWJX6ymwLtDtW0GkmLyXSoJfbuRYE5l3mxtapsrI5oII2sjtP21HVpj/556PyzvZ4Z+GmgMtqMFSI+XjJ14lxGz2bLQT4ElKash8D2A4h1I5/UruAnHekA2z4ZlfevDs5h2MmZzFs9KofSjAFzJNLk7tB9jQK2Bd2d/fadVU670cdlIEzh7m3BL4e5HR96HDyNamXltGG+iFuX9zMm/Rvf68L7wpt3ub9h6xtFCzIQXQMtUknuvuQluZsf+Vel4cNEXPBz5jWDLxg5q6vhL0gQxL45fi8P94rXg9GDUXawVBbMVJGLHcy0gh2En7hW+xAH3o/2DmkaONfKFqOCDrI3Up+6M5kwr5CdVyRcEqdyomuCoDX2bsDwEgzI8kMrWPJM7b5DPYQB2qLd9UrXimNimV+JkE4qz9WxktM+EZ3AxWx72QC3j/soOulLKvMO4u3/470Besq0sIn+HbLJF1I34IKkTxLGqzEAf4RPTnJtKuhmr02veinDeo8tiP8qUAcDyazXg9FoWGi0GUgfBpAb0iKrNVL8IJlkwV24E4gAKuyawvv5XzHkPAm8Gry1ZYxJWIPJSXD7v0udJFSM061uL4RDSWA3ed25sc1UsuQ8uBlShIdqJAa83nOdYxsi2ew8WhjxmBqfEXXtJidORW0FiAJNOfH/rd+eaQ== mukeshverma@192.168.1.6\n",
                "username": "testuser"
              }
            ],
            "admin_username": "testuser",
            "allow_extension_operations": true,
            "availability_set_id": "",
            "boot_diagnostics": [],
            "bypass_platform_safety_checks_on_user_schedule_enabled": false,
            "capacity_reservation_group_id": "",
            "computer_name": "vm01",
            "custom_data": null,
            "dedicated_host_group_id": "",
            "dedicated_host_id": "",
            "disable_password_authentication": true,
            "disk_controller_type": "",
            "edge_zone": "",
            "encryption_at_host_enabled": false,
            "eviction_policy": "",
            "extensions_time_budget": "PT1H30M",
            "gallery_application": [],
            "id": "/subscriptions/7bff4007-28c2-41b1-a352-0431891e77d3/resourceGroups/test-rg/providers/Microsoft.Compute/virtualMachines/vm01",
            "identity": [],
            "license_type": "",
            "location": "centralindia",
            "max_bid_price": -1,
            "name": "vm01",
            "network_interface_ids": [
              "/subscriptions/7bff4007-28c2-41b1-a352-0431891e77d3/resourceGroups/test-rg/providers/Microsoft.Network/networkInterfaces/vm-nic"
            ],
            "os_disk": [
              {
                "caching": "ReadWrite",
                "diff_disk_settings": [],
                "disk_encryption_set_id": "",
                "disk_size_gb": 30,
                "id": "/subscriptions/7bff4007-28c2-41b1-a352-0431891e77d3/resourceGroups/test-rg/providers/Microsoft.Compute/disks/vm01_OsDisk_1_5f251ac89db8444798ae9cff442977a9",
                "name": "vm01_OsDisk_1_5f251ac89db8444798ae9cff442977a9",
                "secure_vm_disk_encryption_set_id": "",
                "security_encryption_type": "",
                "storage_account_type": "Standard_LRS",
                "write_accelerator_enabled": false
              }
            ],
            "os_image_notification": [],
            "patch_assessment_mode": "ImageDefault",
            "patch_mode": "ImageDefault",
            "plan": [],
            "platform_fault_domain": -1,
            "priority": "Regular",
            "private_ip_address": "10.0.0.4",
            "private_ip_addresses": [
              "10.0.0.4"
            ],
            "provision_vm_agent": true,
            "proximity_placement_group_id": "",
            "public_ip_address": "135.235.154.230",
            "public_ip_addresses": [
              "135.235.154.230"
            ],
            "reboot_setting": "",
            "resource_group_name": "test-rg",
            "secret": [],
            "secure_boot_enabled": false,
            "size": "Standard_B1s",
            "source_image_id": "",
            "source_image_reference": [
              {
                "offer": "0001-com-ubuntu-server-jammy",
                "publisher": "Canonical",
                "sku": "22_04-lts",
                "version": "latest"
              }
            ],
            "tags": {
              "environment": "Development",
              "owner": "Mukesh Verma"
            },
            "termination_notification": null,
            "timeouts": null,
            "user_data": "",
            "virtual_machine_id": "99f65d5f-d27c-4f61-92aa-d3ba2498b756",
            "virtual_machine_scale_set_id": "",
            "vm_agent_platform_updates_enabled": false,
            "vtpm_enabled": false,
            "zone": ""
          },
          "sensitive_attributes": [
            [
              {
                "type": "get_attr",
                "value": "custom_data"
              }
            ],
            [
              {
                "type": "get_attr",
                "value": "admin_password"
              }
            ]
          ],
          "private": "eyJlMmJmYjczMC1lY2FhLTExZTYtOGY4OC0zNDM2M2JjN2M0YzAiOnsiY3JlYXRlIjoyNzAwMDAwMDAwMDAwLCJkZWxldGUiOjI3MDAwMDAwMDAwMDAsInJlYWQiOjMwMDAwMDAwMDAwMCwidXBkYXRlIjoyNzAwMDAwMDAwMDAwfX0=",
          "dependencies": [
            "module.VM.azurerm_network_interface.example",
            "module.VM.azurerm_public_ip.public_ip",
            "module.VM.azurerm_resource_group.myvm",
            "module.VM.azurerm_subnet.mysubnet",
            "module.VM.azurerm_virtual_network.myvnet"
          ]
        }
      ]
    },
    {
      "module": "module.VM",
      "mode": "managed",
      "type": "azurerm_network_interface",
      "name": "example",
      "provider": "provider[\"registry.terraform.io/hashicorp/azurerm\"]",
      "instances": [
        {
          "schema_version": 0,
          "attributes": {
            "accelerated_networking_enabled": false,
            "applied_dns_servers": [],
            "auxiliary_mode": "",
            "auxiliary_sku": "",
            "dns_servers": null,
            "edge_zone": "",
            "id": "/subscriptions/7bff4007-28c2-41b1-a352-0431891e77d3/resourceGroups/test-rg/providers/Microsoft.Network/networkInterfaces/vm-nic",
            "internal_dns_name_label": "",
            "internal_domain_name_suffix": "d4jony1ic5tujc0gejhwc04blf.rx.internal.cloudapp.net",
            "ip_configuration": [
              {
                "gateway_load_balancer_frontend_ip_configuration_id": "",
                "name": "internal",
                "primary": true,
                "private_ip_address": "10.0.0.4",
                "private_ip_address_allocation": "Dynamic",
                "private_ip_address_version": "IPv4",
                "public_ip_address_id": "/subscriptions/7bff4007-28c2-41b1-a352-0431891e77d3/resourceGroups/test-rg/providers/Microsoft.Network/publicIPAddresses/public-ip",
                "subnet_id": "/subscriptions/7bff4007-28c2-41b1-a352-0431891e77d3/resourceGroups/test-rg/providers/Microsoft.Network/virtualNetworks/test-rg-vnet/subnets/test-rg-subnet"
              }
            ],
            "ip_forwarding_enabled": false,
            "location": "centralindia",
            "mac_address": "",
            "name": "vm-nic",
            "private_ip_address": "10.0.0.4",
            "private_ip_addresses": [
              "10.0.0.4"
            ],
            "resource_group_name": "test-rg",
            "tags": {
              "environment": "Development",
              "owner": "Mukesh Verma"
            },
            "timeouts": null,
            "virtual_machine_id": ""
          },
          "sensitive_attributes": [],
          "private": "eyJlMmJmYjczMC1lY2FhLTExZTYtOGY4OC0zNDM2M2JjN2M0YzAiOnsiY3JlYXRlIjoxODAwMDAwMDAwMDAwLCJkZWxldGUiOjE4MDAwMDAwMDAwMDAsInJlYWQiOjMwMDAwMDAwMDAwMCwidXBkYXRlIjoxODAwMDAwMDAwMDAwfX0=",
          "dependencies": [
            "module.VM.azurerm_public_ip.public_ip",
            "module.VM.azurerm_resource_group.myvm",
            "module.VM.azurerm_subnet.mysubnet",
            "module.VM.azurerm_virtual_network.myvnet"
          ]
        }
      ]
    },
    {
      "module": "module.VM",
      "mode": "managed",
      "type": "azurerm_network_interface_security_group_association",
      "name": "nic_nsg_association",
      "provider": "provider[\"registry.terraform.io/hashicorp/azurerm\"]",
      "instances": [
        {
          "schema_version": 0,
          "attributes": {
            "id": "/subscriptions/7bff4007-28c2-41b1-a352-0431891e77d3/resourceGroups/test-rg/providers/Microsoft.Network/networkInterfaces/vm-nic|/subscriptions/7bff4007-28c2-41b1-a352-0431891e77d3/resourceGroups/test-rg/providers/Microsoft.Network/networkSecurityGroups/vm-nsg",
            "network_interface_id": "/subscriptions/7bff4007-28c2-41b1-a352-0431891e77d3/resourceGroups/test-rg/providers/Microsoft.Network/networkInterfaces/vm-nic",
            "network_security_group_id": "/subscriptions/7bff4007-28c2-41b1-a352-0431891e77d3/resourceGroups/test-rg/providers/Microsoft.Network/networkSecurityGroups/vm-nsg",
            "timeouts": null
          },
          "sensitive_attributes": [],
          "private": "eyJlMmJmYjczMC1lY2FhLTExZTYtOGY4OC0zNDM2M2JjN2M0YzAiOnsiY3JlYXRlIjoxODAwMDAwMDAwMDAwLCJkZWxldGUiOjE4MDAwMDAwMDAwMDAsInJlYWQiOjMwMDAwMDAwMDAwMH19",
          "dependencies": [
            "module.VM.azurerm_network_interface.example",
            "module.VM.azurerm_network_security_group.vm_nsg",
            "module.VM.azurerm_public_ip.public_ip",
            "module.VM.azurerm_resource_group.myvm",
            "module.VM.azurerm_subnet.mysubnet",
            "module.VM.azurerm_virtual_network.myvnet"
          ]
        }
      ]
    },
    {
      "module": "module.VM",
      "mode": "managed",
      "type": "azurerm_network_security_group",
      "name": "vm_nsg",
      "provider": "provider[\"registry.terraform.io/hashicorp/azurerm\"]",
      "instances": [
        {
          "schema_version": 0,
          "attributes": {
            "id": "/subscriptions/7bff4007-28c2-41b1-a352-0431891e77d3/resourceGroups/test-rg/providers/Microsoft.Network/networkSecurityGroups/vm-nsg",
            "location": "centralindia",
            "name": "vm-nsg",
            "resource_group_name": "test-rg",
            "security_rule": [
              {
                "access": "Allow",
                "description": "",
                "destination_address_prefix": "*",
                "destination_address_prefixes": [],
                "destination_application_security_group_ids": [],
                "destination_port_range": "22",
                "destination_port_ranges": [],
                "direction": "Inbound",
                "name": "AllowSSH",
                "priority": 1001,
                "protocol": "Tcp",
                "source_address_prefix": "*",
                "source_address_prefixes": [],
                "source_application_security_group_ids": [],
                "source_port_range": "*",
                "source_port_ranges": []
              }
            ],
            "tags": {
              "environment": "Development",
              "owner": "Mukesh Verma"
            },
            "timeouts": null
          },
          "sensitive_attributes": [],
          "private": "eyJlMmJmYjczMC1lY2FhLTExZTYtOGY4OC0zNDM2M2JjN2M0YzAiOnsiY3JlYXRlIjoxODAwMDAwMDAwMDAwLCJkZWxldGUiOjE4MDAwMDAwMDAwMDAsInJlYWQiOjMwMDAwMDAwMDAwMCwidXBkYXRlIjoxODAwMDAwMDAwMDAwfX0=",
          "dependencies": [
            "module.VM.azurerm_resource_group.myvm"
          ]
        }
      ]
    },
    {
      "module": "module.VM",
      "mode": "managed",
      "type": "azurerm_public_ip",
      "name": "public_ip",
      "provider": "provider[\"registry.terraform.io/hashicorp/azurerm\"]",
      "instances": [
        {
          "schema_version": 0,
          "attributes": {
            "allocation_method": "Static",
            "ddos_protection_mode": "VirtualNetworkInherited",
            "ddos_protection_plan_id": null,
            "domain_name_label": null,
            "domain_name_label_scope": null,
            "edge_zone": "",
            "fqdn": null,
            "id": "/subscriptions/7bff4007-28c2-41b1-a352-0431891e77d3/resourceGroups/test-rg/providers/Microsoft.Network/publicIPAddresses/public-ip",
            "idle_timeout_in_minutes": 4,
            "ip_address": "135.235.154.230",
            "ip_tags": null,
            "ip_version": "IPv4",
            "location": "centralindia",
            "name": "public-ip",
            "public_ip_prefix_id": null,
            "resource_group_name": "test-rg",
            "reverse_fqdn": null,
            "sku": "Standard",
            "sku_tier": "Regional",
            "tags": {
              "environment": "Development",
              "owner": "Mukesh Verma"
            },
            "timeouts": null,
            "zones": null
          },
          "sensitive_attributes": [],
          "private": "eyJlMmJmYjczMC1lY2FhLTExZTYtOGY4OC0zNDM2M2JjN2M0YzAiOnsiY3JlYXRlIjoxODAwMDAwMDAwMDAwLCJkZWxldGUiOjE4MDAwMDAwMDAwMDAsInJlYWQiOjMwMDAwMDAwMDAwMCwidXBkYXRlIjoxODAwMDAwMDAwMDAwfX0=",
          "dependencies": [
            "module.VM.azurerm_resource_group.myvm"
          ]
        }
      ]
    },
    {
      "module": "module.VM",
      "mode": "managed",
      "type": "azurerm_resource_group",
      "name": "myvm",
      "provider": "provider[\"registry.terraform.io/hashicorp/azurerm\"]",
      "instances": [
        {
          "schema_version": 0,
          "attributes": {
            "id": "/subscriptions/7bff4007-28c2-41b1-a352-0431891e77d3/resourceGroups/test-rg",
            "location": "centralindia",
            "managed_by": "",
            "name": "test-rg",
            "tags": null,
            "timeouts": null
          },
          "sensitive_attributes": [],
          "private": "eyJlMmJmYjczMC1lY2FhLTExZTYtOGY4OC0zNDM2M2JjN2M0YzAiOnsiY3JlYXRlIjo1NDAwMDAwMDAwMDAwLCJkZWxldGUiOjU0MDAwMDAwMDAwMDAsInJlYWQiOjMwMDAwMDAwMDAwMCwidXBkYXRlIjo1NDAwMDAwMDAwMDAwfX0="
        }
      ]
    },
    {
      "module": "module.VM",
      "mode": "managed",
      "type": "azurerm_subnet",
      "name": "mysubnet",
      "provider": "provider[\"registry.terraform.io/hashicorp/azurerm\"]",
      "instances": [
        {
          "schema_version": 0,
          "attributes": {
            "address_prefixes": [
              "10.0.0.0/24"
            ],
            "default_outbound_access_enabled": true,
            "delegation": [],
            "id": "/subscriptions/7bff4007-28c2-41b1-a352-0431891e77d3/resourceGroups/test-rg/providers/Microsoft.Network/virtualNetworks/test-rg-vnet/subnets/test-rg-subnet",
            "name": "test-rg-subnet",
            "private_endpoint_network_policies": "Disabled",
            "private_link_service_network_policies_enabled": true,
            "resource_group_name": "test-rg",
            "service_endpoint_policy_ids": null,
            "service_endpoints": null,
            "timeouts": null,
            "virtual_network_name": "test-rg-vnet"
          },
          "sensitive_attributes": [],
          "private": "eyJlMmJmYjczMC1lY2FhLTExZTYtOGY4OC0zNDM2M2JjN2M0YzAiOnsiY3JlYXRlIjoxODAwMDAwMDAwMDAwLCJkZWxldGUiOjE4MDAwMDAwMDAwMDAsInJlYWQiOjMwMDAwMDAwMDAwMCwidXBkYXRlIjoxODAwMDAwMDAwMDAwfX0=",
          "dependencies": [
            "module.VM.azurerm_resource_group.myvm",
            "module.VM.azurerm_virtual_network.myvnet"
          ]
        }
      ]
    },
    {
      "module": "module.VM",
      "mode": "managed",
      "type": "azurerm_virtual_network",
      "name": "myvnet",
      "provider": "provider[\"registry.terraform.io/hashicorp/azurerm\"]",
      "instances": [
        {
          "schema_version": 0,
          "attributes": {
            "address_space": [
              "10.0.0.0/16"
            ],
            "bgp_community": "",
            "ddos_protection_plan": [],
            "dns_servers": [],
            "edge_zone": "",
            "encryption": [],
            "flow_timeout_in_minutes": 0,
            "guid": "e3e6921f-1768-44e7-8b46-224f616bc15d",
            "id": "/subscriptions/7bff4007-28c2-41b1-a352-0431891e77d3/resourceGroups/test-rg/providers/Microsoft.Network/virtualNetworks/test-rg-vnet",
            "location": "centralindia",
            "name": "test-rg-vnet",
            "private_endpoint_vnet_policies": "Disabled",
            "resource_group_name": "test-rg",
            "subnet": [],
            "tags": {
              "environment": "Development",
              "owner": "Mukesh Verma"
            },
            "timeouts": null
          },
          "sensitive_attributes": [],
          "private": "eyJlMmJmYjczMC1lY2FhLTExZTYtOGY4OC0zNDM2M2JjN2M0YzAiOnsiY3JlYXRlIjoxODAwMDAwMDAwMDAwLCJkZWxldGUiOjE4MDAwMDAwMDAwMDAsInJlYWQiOjMwMDAwMDAwMDAwMCwidXBkYXRlIjoxODAwMDAwMDAwMDAwfX0=",
          "dependencies": [
            "module.VM.azurerm_resource_group.myvm"
          ]
        }
      ]
    }
  ],
  "check_results": null
}
